
Microsoft Visual Studio Solution File, Format Version 12.00
# Visual Studio Version 17
VisualStudioVersion = 17.1.31911.260
MinimumVisualStudioVersion = 10.0.40219.1
Project("{FAE04EC0-301F-11D3-BF4B-00C04F79EFBC}") = "SumLabbWPF", "SumLabbWPF\SumLabbWPF.csproj", "{D6634ADC-8BB5-4C1C-8FAE-F055A8811EB1}"
EndProject
Global
	GlobalSection(SolutionConfigurationPlatforms) = preSolution
		Debug|Any CPU = Debug|Any CPU
		Release|Any CPU = Release|Any CPU
	EndGlobalSection
	GlobalSection(ProjectConfigurationPlatforms) = postSolution
		{D6634ADC-8BB5-4C1C-8FAE-F055A8811EB1}.Debug|Any CPU.ActiveCfg = Debug|Any CPU
		{D6634ADC-8BB5-4C1C-8FAE-F055A8811EB1}.Debug|Any CPU.Build.0 = Debug|Any CPU
		{D6634ADC-8BB5-4C1C-8FAE-F055A8811EB1}.Release|Any CPU.ActiveCfg = Release|Any CPU
		{D6634ADC-8BB5-4C1C-8FAE-F055A8811EB1}.Release|Any CPU.Build.0 = Release|Any CPU
	EndGlobalSection
	GlobalSection(SolutionProperties) = preSolution
		HideSolutionNode = FALSE
	EndGlobalSection
	GlobalSection(ExtensibilityGlobals) = postSolution
		SolutionGuid = {D7605864-7AF7-46BE-9DC3-7B9B297C9D3C}
	EndGlobalSection
EndGlobal
